
Microsoft Visual Studio Solution File, Format Version 12.00
Project("{FAE04EC0-301F-11D3-BF4B-00C04F79EFBC}") = "Dz.9", "Dz.9\Dz.9.csproj", "{8525DDEB-1631-47F9-A8D3-5C782C52C2B6}"
EndProject
Global
	GlobalSection(SolutionConfigurationPlatforms) = preSolution
		Debug|Any CPU = Debug|Any CPU
		Release|Any CPU = Release|Any CPU
	EndGlobalSection
	GlobalSection(ProjectConfigurationPlatforms) = postSolution
		{8525DDEB-1631-47F9-A8D3-5C782C52C2B6}.Debug|Any CPU.ActiveCfg = Debug|Any CPU
		{8525DDEB-1631-47F9-A8D3-5C782C52C2B6}.Debug|Any CPU.Build.0 = Debug|Any CPU
		{8525DDEB-1631-47F9-A8D3-5C782C52C2B6}.Release|Any CPU.ActiveCfg = Release|Any CPU
		{8525DDEB-1631-47F9-A8D3-5C782C52C2B6}.Release|Any CPU.Build.0 = Release|Any CPU
	EndGlobalSection
EndGlobal
